{
  "version": 1,
  "dependencies": {
    "net9.0-windows7.0": {
      "DalamudPackager": {
        "type": "Direct",
        "requested": "[13.1.0, )",
        "resolved": "13.1.0",
        "contentHash": "XdoNhJGyFby5M/sdcRhnc5xTop9PHy+H50PTWpzLhJugjB19EDBiHD/AsiDF66RETM+0qKUdJBZrNuebn7qswQ=="
      },
      "HtmlAgilityPack": {
        "type": "Direct",
        "requested": "[1.12.4, )",
        "resolved": "1.12.4",
        "contentHash": "ljqvBabvFwKoLniuoQKO8b5bJfJweKLs4fUNS/V5dsvpo0A8MlJqxxn9XVmP2DaskbUXty6IYaWAi1SArGIMeQ=="
      },
      "NotificationMasterAPI": {
        "type": "Direct",
        "requested": "[1.0.0.1, )",
        "resolved": "1.0.0.1",
        "contentHash": "ta+lQtxQzHkqPC3doDn3ud8MvtwNnTgTIeXqfqu92G4lAy+/UJZ6iEefFH4MRZmX8Z99nUmUJZ4zcRvVMABzjQ=="
      },
      "autohook.fishsolver": {
        "type": "Project"
      },
      "ecommons": {
        "type": "Project"
      },
      "punishlib": {
        "type": "Project",
        "dependencies": {
          "ECommons": "[3.0.1.29, )"
        }
      }
    }
  }
}