{
  "version": 1,
  "dependencies": {
    "net9.0-windows7.0": {
      "DalamudPackager": {
        "type": "Direct",
        "requested": "[13.1.0, )",
        "resolved": "13.1.0",
        "contentHash": "XdoNhJGyFby5M/sdcRhnc5xTop9PHy+H50PTWpzLhJugjB19EDBiHD/AsiDF66RETM+0qKUdJBZrNuebn7qswQ=="
      },
      "HtmlAgilityPack": {
        "type": "Direct",
        "requested": "[1.11.61, )",
        "resolved": "1.11.61",
        "contentHash": "hqZASeEFHS9quHvfZSwaULoAJLWkOYVPiQjc3P9J4pQS8vSYzrP3bxe04Vm7vYYuxwbQhq9hCSVvZVLTyRaNaQ=="
      },
      "ecommons": {
        "type": "Project"
      },
      "punishlib": {
        "type": "Project",
        "dependencies": {
          "ECommons": "[3.0.1.29, )"
        }
      }
    }
  }
}